
Microsoft Visual Studio Solution File, Format Version 12.00
# Visual Studio 15
VisualStudioVersion = 15.0.28010.2050
MinimumVisualStudioVersion = 10.0.40219.1
Project("{E24C65DC-7377-472B-9ABA-BC803B73C61A}") = "WebForms(1)", "WebForms\", "{EFD5EA4C-0EE5-4379-89AD-CEDE474888DE}"
	ProjectSection(WebsiteProperties) = preProject
		TargetFrameworkMoniker = ".NETFramework,Version%3Dv4.6.1"
		Debug.AspNetCompiler.VirtualPath = "/localhost_56929"
		Debug.AspNetCompiler.PhysicalPath = "WebForms\"
		Debug.AspNetCompiler.TargetPath = "PrecompiledWeb\localhost_56929\"
		Debug.AspNetCompiler.Updateable = "true"
		Debug.AspNetCompiler.ForceOverwrite = "true"
		Debug.AspNetCompiler.FixedNames = "false"
		Debug.AspNetCompiler.Debug = "True"
		Release.AspNetCompiler.VirtualPath = "/localhost_56929"
		Release.AspNetCompiler.PhysicalPath = "WebForms\"
		Release.AspNetCompiler.TargetPath = "PrecompiledWeb\localhost_56929\"
		Release.AspNetCompiler.Updateable = "true"
		Release.AspNetCompiler.ForceOverwrite = "true"
		Release.AspNetCompiler.FixedNames = "false"
		Release.AspNetCompiler.Debug = "False"
		VWDPort = "56929"
		SlnRelativePath = "WebForms\"
		DefaultWebSiteLanguage = "Visual C#"
	EndProjectSection
EndProject
Project("{FAE04EC0-301F-11D3-BF4B-00C04F79EFBC}") = "WebApi", "WebApi\WebApi.csproj", "{76038A04-3948-415B-AAB9-EA5FB782EC2B}"
EndProject
Project("{2150E333-8FDC-42A3-9474-1A3956D46DE8}") = "WCF Service", "WCF Service", "{289B5112-482F-44A6-B12E-126D6189DB74}"
EndProject
Project("{FAE04EC0-301F-11D3-BF4B-00C04F79EFBC}") = "AgeCalculatorHost", "WCF Service\AgeCalculatorHostClass\AgeCalculatorHost.csproj", "{05F3D550-DE10-43D6-AA3B-36E543C980B6}"
EndProject
Project("{FAE04EC0-301F-11D3-BF4B-00C04F79EFBC}") = "AgeCalculatorService", "WCF Service\AgeCalculatorService\AgeCalculatorService.csproj", "{B5754C8C-ED44-4726-8A59-AA4D5885E6B5}"
EndProject
Global
	GlobalSection(SolutionConfigurationPlatforms) = preSolution
		Debug|Any CPU = Debug|Any CPU
		Release|Any CPU = Release|Any CPU
	EndGlobalSection
	GlobalSection(ProjectConfigurationPlatforms) = postSolution
		{EFD5EA4C-0EE5-4379-89AD-CEDE474888DE}.Debug|Any CPU.ActiveCfg = Debug|Any CPU
		{EFD5EA4C-0EE5-4379-89AD-CEDE474888DE}.Debug|Any CPU.Build.0 = Debug|Any CPU
		{EFD5EA4C-0EE5-4379-89AD-CEDE474888DE}.Release|Any CPU.ActiveCfg = Debug|Any CPU
		{EFD5EA4C-0EE5-4379-89AD-CEDE474888DE}.Release|Any CPU.Build.0 = Debug|Any CPU
		{76038A04-3948-415B-AAB9-EA5FB782EC2B}.Debug|Any CPU.ActiveCfg = Debug|Any CPU
		{76038A04-3948-415B-AAB9-EA5FB782EC2B}.Debug|Any CPU.Build.0 = Debug|Any CPU
		{76038A04-3948-415B-AAB9-EA5FB782EC2B}.Release|Any CPU.ActiveCfg = Release|Any CPU
		{76038A04-3948-415B-AAB9-EA5FB782EC2B}.Release|Any CPU.Build.0 = Release|Any CPU
		{05F3D550-DE10-43D6-AA3B-36E543C980B6}.Debug|Any CPU.ActiveCfg = Debug|Any CPU
		{05F3D550-DE10-43D6-AA3B-36E543C980B6}.Debug|Any CPU.Build.0 = Debug|Any CPU
		{05F3D550-DE10-43D6-AA3B-36E543C980B6}.Release|Any CPU.ActiveCfg = Release|Any CPU
		{05F3D550-DE10-43D6-AA3B-36E543C980B6}.Release|Any CPU.Build.0 = Release|Any CPU
		{B5754C8C-ED44-4726-8A59-AA4D5885E6B5}.Debug|Any CPU.ActiveCfg = Debug|Any CPU
		{B5754C8C-ED44-4726-8A59-AA4D5885E6B5}.Debug|Any CPU.Build.0 = Debug|Any CPU
		{B5754C8C-ED44-4726-8A59-AA4D5885E6B5}.Release|Any CPU.ActiveCfg = Release|Any CPU
		{B5754C8C-ED44-4726-8A59-AA4D5885E6B5}.Release|Any CPU.Build.0 = Release|Any CPU
	EndGlobalSection
	GlobalSection(SolutionProperties) = preSolution
		HideSolutionNode = FALSE
	EndGlobalSection
	GlobalSection(NestedProjects) = preSolution
		{05F3D550-DE10-43D6-AA3B-36E543C980B6} = {289B5112-482F-44A6-B12E-126D6189DB74}
		{B5754C8C-ED44-4726-8A59-AA4D5885E6B5} = {289B5112-482F-44A6-B12E-126D6189DB74}
	EndGlobalSection
	GlobalSection(ExtensibilityGlobals) = postSolution
		SolutionGuid = {41FB35EE-2139-409F-8285-6CBD87D490DD}
	EndGlobalSection
EndGlobal
